
Microsoft Visual Studio Solution File, Format Version 12.00
# Visual Studio 14
VisualStudioVersion = 14.0.23107.0
MinimumVisualStudioVersion = 10.0.40219.1
Project("{FAE04EC0-301F-11D3-BF4B-00C04F79EFBC}") = "C_Sharp", "C_Sharp\C_Sharp.csproj", "{7D48FCB4-4E75-4A51-8707-F7B7CB2F3D71}"
EndProject
Project("{FAE04EC0-301F-11D3-BF4B-00C04F79EFBC}") = "Colecciones", "Colecciones\Colecciones.csproj", "{4E7EBE1B-6C45-4558-BF66-368E953BB76F}"
EndProject
Project("{FAE04EC0-301F-11D3-BF4B-00C04F79EFBC}") = "ColeccionesPractica", "ColeccionesPractica\ColeccionesPractica.csproj", "{5BCF55C3-98F9-4C5B-AAC9-3FDBF76A77B1}"
EndProject
Global
	GlobalSection(SolutionConfigurationPlatforms) = preSolution
		Debug|Any CPU = Debug|Any CPU
		Release|Any CPU = Release|Any CPU
	EndGlobalSection
	GlobalSection(ProjectConfigurationPlatforms) = postSolution
		{7D48FCB4-4E75-4A51-8707-F7B7CB2F3D71}.Debug|Any CPU.ActiveCfg = Debug|Any CPU
		{7D48FCB4-4E75-4A51-8707-F7B7CB2F3D71}.Debug|Any CPU.Build.0 = Debug|Any CPU
		{7D48FCB4-4E75-4A51-8707-F7B7CB2F3D71}.Release|Any CPU.ActiveCfg = Release|Any CPU
		{7D48FCB4-4E75-4A51-8707-F7B7CB2F3D71}.Release|Any CPU.Build.0 = Release|Any CPU
		{4E7EBE1B-6C45-4558-BF66-368E953BB76F}.Debug|Any CPU.ActiveCfg = Debug|Any CPU
		{4E7EBE1B-6C45-4558-BF66-368E953BB76F}.Debug|Any CPU.Build.0 = Debug|Any CPU
		{4E7EBE1B-6C45-4558-BF66-368E953BB76F}.Release|Any CPU.ActiveCfg = Release|Any CPU
		{4E7EBE1B-6C45-4558-BF66-368E953BB76F}.Release|Any CPU.Build.0 = Release|Any CPU
		{5BCF55C3-98F9-4C5B-AAC9-3FDBF76A77B1}.Debug|Any CPU.ActiveCfg = Debug|Any CPU
		{5BCF55C3-98F9-4C5B-AAC9-3FDBF76A77B1}.Debug|Any CPU.Build.0 = Debug|Any CPU
		{5BCF55C3-98F9-4C5B-AAC9-3FDBF76A77B1}.Release|Any CPU.ActiveCfg = Release|Any CPU
		{5BCF55C3-98F9-4C5B-AAC9-3FDBF76A77B1}.Release|Any CPU.Build.0 = Release|Any CPU
	EndGlobalSection
	GlobalSection(SolutionProperties) = preSolution
		HideSolutionNode = FALSE
	EndGlobalSection
EndGlobal
